
Microsoft Visual Studio Solution File, Format Version 12.00
# Visual Studio Version 16
VisualStudioVersion = 16.0.30907.101
MinimumVisualStudioVersion = 10.0.40219.1
Project("{FAE04EC0-301F-11D3-BF4B-00C04F79EFBC}") = "ExamsManagement", "ExamsManagement.csproj", "{8DEF3944-2B62-48D9-83C2-46A3795EF784}"
EndProject
Global
	GlobalSection(SolutionConfigurationPlatforms) = preSolution
		Debug|Any CPU = Debug|Any CPU
		Release|Any CPU = Release|Any CPU
	EndGlobalSection
	GlobalSection(ProjectConfigurationPlatforms) = postSolution
		{8DEF3944-2B62-48D9-83C2-46A3795EF784}.Debug|Any CPU.ActiveCfg = Debug|Any CPU
		{8DEF3944-2B62-48D9-83C2-46A3795EF784}.Debug|Any CPU.Build.0 = Debug|Any CPU
		{8DEF3944-2B62-48D9-83C2-46A3795EF784}.Release|Any CPU.ActiveCfg = Release|Any CPU
		{8DEF3944-2B62-48D9-83C2-46A3795EF784}.Release|Any CPU.Build.0 = Release|Any CPU
	EndGlobalSection
	GlobalSection(SolutionProperties) = preSolution
		HideSolutionNode = FALSE
	EndGlobalSection
	GlobalSection(ExtensibilityGlobals) = postSolution
		SolutionGuid = {1042F513-0CC6-40C4-BD88-A451EA0096A3}
	EndGlobalSection
EndGlobal
